
Microsoft Visual Studio Solution File, Format Version 12.00
# Visual Studio Version 18
VisualStudioVersion = 18.1.11304.174
MinimumVisualStudioVersion = 10.0.40219.1
Project("{FAE04EC0-301F-11D3-BF4B-00C04F79EFBC}") = "Bai04", "Bai04\Bai04.csproj", "{171B3EBA-5472-4ED9-84AA-42B775F48AAB}"
EndProject
Project("{FAE04EC0-301F-11D3-BF4B-00C04F79EFBC}") = "Bai06", "Bai06\Bai06.csproj", "{15DDF9AC-2848-4761-BD2B-E856125D2C45}"
EndProject
Project("{FAE04EC0-301F-11D3-BF4B-00C04F79EFBC}") = "Bai08", "Bai08\Bai08.csproj", "{7B4C1CD4-CCC4-40FE-95E8-7039CC050714}"
EndProject
Project("{FAE04EC0-301F-11D3-BF4B-00C04F79EFBC}") = "Bai10", "Bai10\Bai10.csproj", "{BC78F720-FFBE-4D34-85F8-67301B1B90B9}"
EndProject
Project("{FAE04EC0-301F-11D3-BF4B-00C04F79EFBC}") = "Bai11", "Bai11\Bai11.csproj", "{C840B5E7-379D-4333-A328-476BB5594666}"
EndProject
Global
	GlobalSection(SolutionConfigurationPlatforms) = preSolution
		Debug|Any CPU = Debug|Any CPU
		Release|Any CPU = Release|Any CPU
	EndGlobalSection
	GlobalSection(ProjectConfigurationPlatforms) = postSolution
		{171B3EBA-5472-4ED9-84AA-42B775F48AAB}.Debug|Any CPU.ActiveCfg = Debug|Any CPU
		{171B3EBA-5472-4ED9-84AA-42B775F48AAB}.Debug|Any CPU.Build.0 = Debug|Any CPU
		{171B3EBA-5472-4ED9-84AA-42B775F48AAB}.Release|Any CPU.ActiveCfg = Release|Any CPU
		{171B3EBA-5472-4ED9-84AA-42B775F48AAB}.Release|Any CPU.Build.0 = Release|Any CPU
		{15DDF9AC-2848-4761-BD2B-E856125D2C45}.Debug|Any CPU.ActiveCfg = Debug|Any CPU
		{15DDF9AC-2848-4761-BD2B-E856125D2C45}.Debug|Any CPU.Build.0 = Debug|Any CPU
		{15DDF9AC-2848-4761-BD2B-E856125D2C45}.Release|Any CPU.ActiveCfg = Release|Any CPU
		{15DDF9AC-2848-4761-BD2B-E856125D2C45}.Release|Any CPU.Build.0 = Release|Any CPU
		{7B4C1CD4-CCC4-40FE-95E8-7039CC050714}.Debug|Any CPU.ActiveCfg = Debug|Any CPU
		{7B4C1CD4-CCC4-40FE-95E8-7039CC050714}.Debug|Any CPU.Build.0 = Debug|Any CPU
		{7B4C1CD4-CCC4-40FE-95E8-7039CC050714}.Release|Any CPU.ActiveCfg = Release|Any CPU
		{7B4C1CD4-CCC4-40FE-95E8-7039CC050714}.Release|Any CPU.Build.0 = Release|Any CPU
		{BC78F720-FFBE-4D34-85F8-67301B1B90B9}.Debug|Any CPU.ActiveCfg = Debug|Any CPU
		{BC78F720-FFBE-4D34-85F8-67301B1B90B9}.Debug|Any CPU.Build.0 = Debug|Any CPU
		{BC78F720-FFBE-4D34-85F8-67301B1B90B9}.Release|Any CPU.ActiveCfg = Release|Any CPU
		{BC78F720-FFBE-4D34-85F8-67301B1B90B9}.Release|Any CPU.Build.0 = Release|Any CPU
		{C840B5E7-379D-4333-A328-476BB5594666}.Debug|Any CPU.ActiveCfg = Debug|Any CPU
		{C840B5E7-379D-4333-A328-476BB5594666}.Debug|Any CPU.Build.0 = Debug|Any CPU
		{C840B5E7-379D-4333-A328-476BB5594666}.Release|Any CPU.ActiveCfg = Release|Any CPU
		{C840B5E7-379D-4333-A328-476BB5594666}.Release|Any CPU.Build.0 = Release|Any CPU
	EndGlobalSection
	GlobalSection(SolutionProperties) = preSolution
		HideSolutionNode = FALSE
	EndGlobalSection
	GlobalSection(ExtensibilityGlobals) = postSolution
		SolutionGuid = {66E49D49-CC81-41DA-9BA6-DD1FE32AE93B}
	EndGlobalSection
EndGlobal
